
Microsoft Visual Studio Solution File, Format Version 12.00
# Visual Studio Version 17
VisualStudioVersion = 17.10.35013.160
MinimumVisualStudioVersion = 10.0.40219.1
Project("{2150E333-8FDC-42A3-9474-1A3956D46DE8}") = "builder", "builder", "{99125DCB-44D2-4E6E-B2B9-3A937C1093C3}"
EndProject
Project("{2150E333-8FDC-42A3-9474-1A3956D46DE8}") = "payload", "payload", "{C2C3FAB1-2E91-4FC2-A3AE-89E2A0609556}"
EndProject
Project("{2150E333-8FDC-42A3-9474-1A3956D46DE8}") = "test", "test", "{841DE30B-6163-4026-9B0F-ADA33527178E}"
EndProject
Project("{8BC9CEB8-8B4A-11D0-8D11-00A0C91BC942}") = "cs-beacon", "builder\cs-beacon\cs-beacon.vcxproj", "{BF89A8CF-B54A-459D-97C4-01FA8E32F36A}"
EndProject
Project("{8BC9CEB8-8B4A-11D0-8D11-00A0C91BC942}") = "dotnet", "builder\dotnet\dotnet.vcxproj", "{23EAF647-A967-4A1F-8C05-601B0D7638DB}"
EndProject
Project("{8BC9CEB8-8B4A-11D0-8D11-00A0C91BC942}") = "cs-beacon", "payload\cs-beacon\payload.vcxproj", "{49FFEB54-1F63-4430-AE09-E9A111143869}"
EndProject
Project("{FAE04EC0-301F-11D3-BF4B-00C04F79EFBC}") = "dotnet_exe", "payload\dotnet_exe\dotnet_exe.csproj", "{CEE4E8EB-637C-40E7-9E19-5996537CBB4D}"
EndProject
Project("{FAE04EC0-301F-11D3-BF4B-00C04F79EFBC}") = "dotnet_dll", "payload\dotnet_dll\dotnet_dll.csproj", "{C9FBA124-FB25-4CE6-A365-EE0A9E4F84E5}"
EndProject
Project("{8BC9CEB8-8B4A-11D0-8D11-00A0C91BC942}") = "cs-beacon", "test\cs-beacon\test.vcxproj", "{9923A7BB-EEEE-45D1-8E47-DD54792C9EBF}"
EndProject
Global
	GlobalSection(SolutionConfigurationPlatforms) = preSolution
		Release|Any CPU = Release|Any CPU
		Release|x64 = Release|x64
		Release|x86 = Release|x86
	EndGlobalSection
	GlobalSection(ProjectConfigurationPlatforms) = postSolution
		{BF89A8CF-B54A-459D-97C4-01FA8E32F36A}.Release|Any CPU.ActiveCfg = Release|x64
		{BF89A8CF-B54A-459D-97C4-01FA8E32F36A}.Release|Any CPU.Build.0 = Release|x64
		{BF89A8CF-B54A-459D-97C4-01FA8E32F36A}.Release|x64.ActiveCfg = Release|x64
		{BF89A8CF-B54A-459D-97C4-01FA8E32F36A}.Release|x64.Build.0 = Release|x64
		{BF89A8CF-B54A-459D-97C4-01FA8E32F36A}.Release|x86.ActiveCfg = Release|Win32
		{BF89A8CF-B54A-459D-97C4-01FA8E32F36A}.Release|x86.Build.0 = Release|Win32
		{23EAF647-A967-4A1F-8C05-601B0D7638DB}.Release|Any CPU.ActiveCfg = Release|x64
		{23EAF647-A967-4A1F-8C05-601B0D7638DB}.Release|Any CPU.Build.0 = Release|x64
		{23EAF647-A967-4A1F-8C05-601B0D7638DB}.Release|x64.ActiveCfg = Release|x64
		{23EAF647-A967-4A1F-8C05-601B0D7638DB}.Release|x64.Build.0 = Release|x64
		{23EAF647-A967-4A1F-8C05-601B0D7638DB}.Release|x86.ActiveCfg = Release|Win32
		{23EAF647-A967-4A1F-8C05-601B0D7638DB}.Release|x86.Build.0 = Release|Win32
		{49FFEB54-1F63-4430-AE09-E9A111143869}.Release|Any CPU.ActiveCfg = Release|x64
		{49FFEB54-1F63-4430-AE09-E9A111143869}.Release|Any CPU.Build.0 = Release|x64
		{49FFEB54-1F63-4430-AE09-E9A111143869}.Release|x64.ActiveCfg = Release|x64
		{49FFEB54-1F63-4430-AE09-E9A111143869}.Release|x64.Build.0 = Release|x64
		{49FFEB54-1F63-4430-AE09-E9A111143869}.Release|x86.ActiveCfg = Release|Win32
		{49FFEB54-1F63-4430-AE09-E9A111143869}.Release|x86.Build.0 = Release|Win32
		{CEE4E8EB-637C-40E7-9E19-5996537CBB4D}.Release|Any CPU.ActiveCfg = Release|Any CPU
		{CEE4E8EB-637C-40E7-9E19-5996537CBB4D}.Release|Any CPU.Build.0 = Release|Any CPU
		{CEE4E8EB-637C-40E7-9E19-5996537CBB4D}.Release|x64.ActiveCfg = Release|Any CPU
		{CEE4E8EB-637C-40E7-9E19-5996537CBB4D}.Release|x64.Build.0 = Release|Any CPU
		{CEE4E8EB-637C-40E7-9E19-5996537CBB4D}.Release|x86.ActiveCfg = Release|Any CPU
		{CEE4E8EB-637C-40E7-9E19-5996537CBB4D}.Release|x86.Build.0 = Release|Any CPU
		{C9FBA124-FB25-4CE6-A365-EE0A9E4F84E5}.Release|Any CPU.ActiveCfg = Release|Any CPU
		{C9FBA124-FB25-4CE6-A365-EE0A9E4F84E5}.Release|Any CPU.Build.0 = Release|Any CPU
		{C9FBA124-FB25-4CE6-A365-EE0A9E4F84E5}.Release|x64.ActiveCfg = Release|Any CPU
		{C9FBA124-FB25-4CE6-A365-EE0A9E4F84E5}.Release|x64.Build.0 = Release|Any CPU
		{C9FBA124-FB25-4CE6-A365-EE0A9E4F84E5}.Release|x86.ActiveCfg = Release|Any CPU
		{C9FBA124-FB25-4CE6-A365-EE0A9E4F84E5}.Release|x86.Build.0 = Release|Any CPU
		{9923A7BB-EEEE-45D1-8E47-DD54792C9EBF}.Release|Any CPU.ActiveCfg = Release|x64
		{9923A7BB-EEEE-45D1-8E47-DD54792C9EBF}.Release|Any CPU.Build.0 = Release|x64
		{9923A7BB-EEEE-45D1-8E47-DD54792C9EBF}.Release|x64.ActiveCfg = Release|x64
		{9923A7BB-EEEE-45D1-8E47-DD54792C9EBF}.Release|x64.Build.0 = Release|x64
		{9923A7BB-EEEE-45D1-8E47-DD54792C9EBF}.Release|x86.ActiveCfg = Release|Win32
		{9923A7BB-EEEE-45D1-8E47-DD54792C9EBF}.Release|x86.Build.0 = Release|Win32
	EndGlobalSection
	GlobalSection(SolutionProperties) = preSolution
		HideSolutionNode = FALSE
	EndGlobalSection
	GlobalSection(NestedProjects) = preSolution
		{BF89A8CF-B54A-459D-97C4-01FA8E32F36A} = {99125DCB-44D2-4E6E-B2B9-3A937C1093C3}
		{23EAF647-A967-4A1F-8C05-601B0D7638DB} = {99125DCB-44D2-4E6E-B2B9-3A937C1093C3}
		{49FFEB54-1F63-4430-AE09-E9A111143869} = {C2C3FAB1-2E91-4FC2-A3AE-89E2A0609556}
		{CEE4E8EB-637C-40E7-9E19-5996537CBB4D} = {C2C3FAB1-2E91-4FC2-A3AE-89E2A0609556}
		{C9FBA124-FB25-4CE6-A365-EE0A9E4F84E5} = {C2C3FAB1-2E91-4FC2-A3AE-89E2A0609556}
		{9923A7BB-EEEE-45D1-8E47-DD54792C9EBF} = {841DE30B-6163-4026-9B0F-ADA33527178E}
	EndGlobalSection
	GlobalSection(ExtensibilityGlobals) = postSolution
		SolutionGuid = {588C0336-C027-48AA-8561-B614ED7F1FA8}
	EndGlobalSection
EndGlobal
