<?xml version="1.0" encoding="utf-8"?>
<Project ToolsVersion="4.0" xmlns="http://schemas.microsoft.com/developer/msbuild/2003">
  <ItemGroup>
    <Filter Include="Header">
      <UniqueIdentifier>{164874C9-E412-40F9-849E-9C3DD4C4CC7E}</UniqueIdentifier>
      <Extensions>h;hh;hpp;hxx;h++;hm;inl;inc;ipp;xsd</Extensions>
    </Filter>
    <Filter Include="Source">
      <UniqueIdentifier>{C3CB07C9-CEDF-4C9D-9E8C-35569BB8B666}</UniqueIdentifier>
      <Extensions>cpp;c;cc;cxx;c++;cppm;ixx;def;odl;idl;hpj;bat;asm;asmx</Extensions>
    </Filter>
    <Filter Include="Assembly">
      <UniqueIdentifier>{7A940D03-DD62-4D8B-A51F-3C5C01656C15}</UniqueIdentifier>
    </Filter>
    <Filter Include="Assembly\MSVC">
      <UniqueIdentifier>{B165B53B-BBEA-430F-BADF-570122C24F5A}</UniqueIdentifier>
    </Filter>
  </ItemGroup>
  <ItemGroup>
    <ClCompile Include="..\..\src\hash_api.c">
      <Filter>Source</Filter>
    </ClCompile>
    <ClCompile Include="..\..\src\lib_memory.c">
      <Filter>Source</Filter>
    </ClCompile>
    <ClCompile Include="..\..\src\lib_string.c">
      <Filter>Source</Filter>
    </ClCompile>
    <ClCompile Include="..\..\src\errno.c">
      <Filter>Source</Filter>
    </ClCompile>
    <ClCompile Include="..\..\src\debug.c">
      <Filter>Source</Filter>
    </ClCompile>
    <ClCompile Include="..\..\src\rel_addr.c">
      <Filter>Source</Filter>
    </ClCompile>
    <ClCompile Include="..\..\src\pe_image.c">
      <Filter>Source</Filter>
    </ClCompile>
    <ClCompile Include="test.c">
      <Filter>Source</Filter>
    </ClCompile>
    <ClCompile Include="..\test_main.c">
      <Filter>Source</Filter>
    </ClCompile>
  </ItemGroup>
  <ItemGroup>
    <ClInclude Include="test.h">
      <Filter>Header</Filter>
    </ClInclude>
    <ClInclude Include="..\..\include\hash_api.h">
      <Filter>Header</Filter>
    </ClInclude>
    <ClInclude Include="..\..\include\lib_memory.h">
      <Filter>Header</Filter>
    </ClInclude>
    <ClInclude Include="..\..\include\lib_string.h">
      <Filter>Header</Filter>
    </ClInclude>
    <ClInclude Include="..\..\include\c_types.h">
      <Filter>Header</Filter>
    </ClInclude>
    <ClInclude Include="..\..\include\errno.h">
      <Filter>Header</Filter>
    </ClInclude>
    <ClInclude Include="..\..\include\debug.h">
      <Filter>Header</Filter>
    </ClInclude>
    <ClInclude Include="build.h">
      <Filter>Header</Filter>
    </ClInclude>
    <ClInclude Include="..\..\include\rel_addr.h">
      <Filter>Header</Filter>
    </ClInclude>
    <ClInclude Include="..\..\include\pe_loader.h">
      <Filter>Header</Filter>
    </ClInclude>
    <ClInclude Include="..\..\include\runtime.h">
      <Filter>Header</Filter>
    </ClInclude>
    <ClInclude Include="..\..\include\pe_image.h">
      <Filter>Header</Filter>
    </ClInclude>
    <ClInclude Include="..\..\include\win_types.h">
      <Filter>Header</Filter>
    </ClInclude>
    <ClInclude Include="..\..\include\dll_kernel32.h">
      <Filter>Header</Filter>
    </ClInclude>
    <ClInclude Include="..\..\include\win_structs.h">
      <Filter>Header</Filter>
    </ClInclude>
  </ItemGroup>
  <ItemGroup>
    <MASM Include="..\..\asm\runtime.asm">
      <Filter>Assembly</Filter>
    </MASM>
    <MASM Include="..\..\asm\msvc\llmul.asm">
      <Filter>Assembly\MSVC</Filter>
    </MASM>
    <MASM Include="..\..\asm\msvc\llrem.asm">
      <Filter>Assembly\MSVC</Filter>
    </MASM>
    <MASM Include="..\..\asm\msvc\llshl.asm">
      <Filter>Assembly\MSVC</Filter>
    </MASM>
    <MASM Include="..\..\asm\msvc\llshr.asm">
      <Filter>Assembly\MSVC</Filter>
    </MASM>
    <MASM Include="..\..\asm\msvc\ullrem.asm">
      <Filter>Assembly\MSVC</Filter>
    </MASM>
    <MASM Include="..\..\asm\msvc\ullshr.asm">
      <Filter>Assembly\MSVC</Filter>
    </MASM>
    <MASM Include="..\..\asm\pe_loader.asm">
      <Filter>Assembly</Filter>
    </MASM>
  </ItemGroup>
</Project>